
Microsoft Visual Studio Solution File, Format Version 12.00
# Visual Studio 15
VisualStudioVersion = 15.0.28010.2041
MinimumVisualStudioVersion = 10.0.40219.1
Project("{FAE04EC0-301F-11D3-BF4B-00C04F79EFBC}") = "OurPodcastApp", "OurPodcastApp\OurPodcastApp.csproj", "{FD2744AA-9F4E-4E7F-9359-34E037A8BA98}"
EndProject
Global
	GlobalSection(SolutionConfigurationPlatforms) = preSolution
		Debug|Any CPU = Debug|Any CPU
		Release|Any CPU = Release|Any CPU
	EndGlobalSection
	GlobalSection(ProjectConfigurationPlatforms) = postSolution
		{FD2744AA-9F4E-4E7F-9359-34E037A8BA98}.Debug|Any CPU.ActiveCfg = Debug|Any CPU
		{FD2744AA-9F4E-4E7F-9359-34E037A8BA98}.Debug|Any CPU.Build.0 = Debug|Any CPU
		{FD2744AA-9F4E-4E7F-9359-34E037A8BA98}.Release|Any CPU.ActiveCfg = Release|Any CPU
		{FD2744AA-9F4E-4E7F-9359-34E037A8BA98}.Release|Any CPU.Build.0 = Release|Any CPU
	EndGlobalSection
	GlobalSection(SolutionProperties) = preSolution
		HideSolutionNode = FALSE
	EndGlobalSection
	GlobalSection(ExtensibilityGlobals) = postSolution
		SolutionGuid = {9E6B868A-C7C6-4F69-B7A3-E53425911F91}
	EndGlobalSection
EndGlobal
